
Microsoft Visual Studio Solution File, Format Version 12.00
# Visual Studio Version 16
VisualStudioVersion = 16.0.30114.128
MinimumVisualStudioVersion = 10.0.40219.1
Project("{FAE04EC0-301F-11D3-BF4B-00C04F79EFBC}") = "Aethra", "Aethra\Aethra.csproj", "{5791E57D-8050-4DB0-9727-531255F79A9F}"
EndProject
Project("{FAE04EC0-301F-11D3-BF4B-00C04F79EFBC}") = "Aethra.RayTracer", "Aethra.RayTracer\Aethra.RayTracer.csproj", "{D3A5E167-DA39-41CE-A751-B65DA3A6DAED}"
EndProject
Global
	GlobalSection(SolutionConfigurationPlatforms) = preSolution
		Debug|Any CPU = Debug|Any CPU
		Release|Any CPU = Release|Any CPU
	EndGlobalSection
	GlobalSection(ProjectConfigurationPlatforms) = postSolution
		{5791E57D-8050-4DB0-9727-531255F79A9F}.Debug|Any CPU.ActiveCfg = Debug|Any CPU
		{5791E57D-8050-4DB0-9727-531255F79A9F}.Debug|Any CPU.Build.0 = Debug|Any CPU
		{5791E57D-8050-4DB0-9727-531255F79A9F}.Release|Any CPU.ActiveCfg = Release|Any CPU
		{5791E57D-8050-4DB0-9727-531255F79A9F}.Release|Any CPU.Build.0 = Release|Any CPU
		{D3A5E167-DA39-41CE-A751-B65DA3A6DAED}.Debug|Any CPU.ActiveCfg = Debug|Any CPU
		{D3A5E167-DA39-41CE-A751-B65DA3A6DAED}.Debug|Any CPU.Build.0 = Debug|Any CPU
		{D3A5E167-DA39-41CE-A751-B65DA3A6DAED}.Release|Any CPU.ActiveCfg = Release|Any CPU
		{D3A5E167-DA39-41CE-A751-B65DA3A6DAED}.Release|Any CPU.Build.0 = Release|Any CPU
	EndGlobalSection
	GlobalSection(SolutionProperties) = preSolution
		HideSolutionNode = FALSE
	EndGlobalSection
	GlobalSection(ExtensibilityGlobals) = postSolution
		SolutionGuid = {F3A6D479-AF1F-4A89-863D-1C0B9E961D8C}
	EndGlobalSection
EndGlobal
